
Microsoft Visual Studio Solution File, Format Version 12.00
# Visual Studio Version 16
VisualStudioVersion = 16.0.29201.188
MinimumVisualStudioVersion = 10.0.40219.1
Project("{F184B08F-C81C-45F6-A57F-5ABD9991F28F}") = "PricePal", "PricePal\PricePal.vbproj", "{55589E0A-4D45-4210-BF67-8BE2000F1F21}"
EndProject
Global
	GlobalSection(SolutionConfigurationPlatforms) = preSolution
		Debug|Any CPU = Debug|Any CPU
		Release|Any CPU = Release|Any CPU
	EndGlobalSection
	GlobalSection(ProjectConfigurationPlatforms) = postSolution
		{55589E0A-4D45-4210-BF67-8BE2000F1F21}.Debug|Any CPU.ActiveCfg = Debug|Any CPU
		{55589E0A-4D45-4210-BF67-8BE2000F1F21}.Debug|Any CPU.Build.0 = Debug|Any CPU
		{55589E0A-4D45-4210-BF67-8BE2000F1F21}.Release|Any CPU.ActiveCfg = Release|Any CPU
		{55589E0A-4D45-4210-BF67-8BE2000F1F21}.Release|Any CPU.Build.0 = Release|Any CPU
	EndGlobalSection
	GlobalSection(SolutionProperties) = preSolution
		HideSolutionNode = FALSE
	EndGlobalSection
	GlobalSection(ExtensibilityGlobals) = postSolution
		SolutionGuid = {F413822E-4656-42E3-B6FA-898FCFC6A8D3}
	EndGlobalSection
EndGlobal
